{
  "requires": true,
  "lockfileVersion": 1,
  "dependencies": {
    "@types/js-cookie": {
      "version": "3.0.1",
      "resolved": "https://registry.npmmirror.com/@types/js-cookie/download/@types/js-cookie-3.0.1.tgz",
      "integrity": "sha512-7wg/8gfHltklehP+oyJnZrz9XBuX5ZPP4zB6UsI84utdlkRYLnOm2HfpLXazTwZA+fpGn0ir8tGNgVnMEleBGQ=="
    }
  }
}
